
Microsoft Visual Studio Solution File, Format Version 12.00
# Visual Studio Version 17
VisualStudioVersion = 17.0.31903.59
MinimumVisualStudioVersion = 10.0.40219.1
Project("{2150E333-8FDC-42A3-9474-1A3956D46DE8}") = "Bootstrapper", "Bootstrapper", "{5310A871-B8F0-0791-A052-C8A19D59FF82}"
EndProject
Project("{FAE04EC0-301F-11D3-BF4B-00C04F79EFBC}") = "API", "Bootstrapper\API\API.csproj", "{44CD6923-2999-41FA-8B37-A7990B3BC91D}"
EndProject
Project("{2150E333-8FDC-42A3-9474-1A3956D46DE8}") = "Modules", "Modules", "{CA253913-39DE-BFD0-C9A3-4B7EC6FBDF17}"
EndProject
Project("{2150E333-8FDC-42A3-9474-1A3956D46DE8}") = "Basket", "Basket", "{F3641347-575C-25D8-9B5A-9F596AE29D95}"
EndProject
Project("{FAE04EC0-301F-11D3-BF4B-00C04F79EFBC}") = "Basket", "Modules\Basket\Basket\Basket.csproj", "{6608E1F4-52FB-4748-9A5F-2CA53C17086F}"
EndProject
Project("{2150E333-8FDC-42A3-9474-1A3956D46DE8}") = "Catalog", "Catalog", "{729B03C7-1C3E-5EDD-EDB4-38F58E22BDF1}"
EndProject
Project("{FAE04EC0-301F-11D3-BF4B-00C04F79EFBC}") = "Catalog", "Modules\Catalog\Catalog\Catalog.csproj", "{F821B22E-EB83-4EE6-A478-DEE33680A7F1}"
EndProject
Project("{2150E333-8FDC-42A3-9474-1A3956D46DE8}") = "Ordering", "Ordering", "{27F90384-215D-F033-2E44-812BACF6D1B0}"
EndProject
Project("{FAE04EC0-301F-11D3-BF4B-00C04F79EFBC}") = "Ordering", "Modules\Ordering\Ordering\Ordering.csproj", "{06285921-6E21-4736-8AD6-71C060EE1E65}"
EndProject
Project("{2150E333-8FDC-42A3-9474-1A3956D46DE8}") = "Shared", "Shared", "{4F52FD11-658E-A102-6CD3-7D7C16FFA15B}"
EndProject
Project("{FAE04EC0-301F-11D3-BF4B-00C04F79EFBC}") = "Shared", "Shared\Shared\Shared.csproj", "{3B0A36CC-AAEB-4A50-BA61-887C1D807512}"
EndProject
Global
	GlobalSection(SolutionConfigurationPlatforms) = preSolution
		Debug|Any CPU = Debug|Any CPU
		Debug|x64 = Debug|x64
		Debug|x86 = Debug|x86
		Release|Any CPU = Release|Any CPU
		Release|x64 = Release|x64
		Release|x86 = Release|x86
	EndGlobalSection
	GlobalSection(ProjectConfigurationPlatforms) = postSolution
		{44CD6923-2999-41FA-8B37-A7990B3BC91D}.Debug|Any CPU.ActiveCfg = Debug|Any CPU
		{44CD6923-2999-41FA-8B37-A7990B3BC91D}.Debug|Any CPU.Build.0 = Debug|Any CPU
		{44CD6923-2999-41FA-8B37-A7990B3BC91D}.Debug|x64.ActiveCfg = Debug|Any CPU
		{44CD6923-2999-41FA-8B37-A7990B3BC91D}.Debug|x64.Build.0 = Debug|Any CPU
		{44CD6923-2999-41FA-8B37-A7990B3BC91D}.Debug|x86.ActiveCfg = Debug|Any CPU
		{44CD6923-2999-41FA-8B37-A7990B3BC91D}.Debug|x86.Build.0 = Debug|Any CPU
		{44CD6923-2999-41FA-8B37-A7990B3BC91D}.Release|Any CPU.ActiveCfg = Release|Any CPU
		{44CD6923-2999-41FA-8B37-A7990B3BC91D}.Release|Any CPU.Build.0 = Release|Any CPU
		{44CD6923-2999-41FA-8B37-A7990B3BC91D}.Release|x64.ActiveCfg = Release|Any CPU
		{44CD6923-2999-41FA-8B37-A7990B3BC91D}.Release|x64.Build.0 = Release|Any CPU
		{44CD6923-2999-41FA-8B37-A7990B3BC91D}.Release|x86.ActiveCfg = Release|Any CPU
		{44CD6923-2999-41FA-8B37-A7990B3BC91D}.Release|x86.Build.0 = Release|Any CPU
		{6608E1F4-52FB-4748-9A5F-2CA53C17086F}.Debug|Any CPU.ActiveCfg = Debug|Any CPU
		{6608E1F4-52FB-4748-9A5F-2CA53C17086F}.Debug|Any CPU.Build.0 = Debug|Any CPU
		{6608E1F4-52FB-4748-9A5F-2CA53C17086F}.Debug|x64.ActiveCfg = Debug|Any CPU
		{6608E1F4-52FB-4748-9A5F-2CA53C17086F}.Debug|x64.Build.0 = Debug|Any CPU
		{6608E1F4-52FB-4748-9A5F-2CA53C17086F}.Debug|x86.ActiveCfg = Debug|Any CPU
		{6608E1F4-52FB-4748-9A5F-2CA53C17086F}.Debug|x86.Build.0 = Debug|Any CPU
		{6608E1F4-52FB-4748-9A5F-2CA53C17086F}.Release|Any CPU.ActiveCfg = Release|Any CPU
		{6608E1F4-52FB-4748-9A5F-2CA53C17086F}.Release|Any CPU.Build.0 = Release|Any CPU
		{6608E1F4-52FB-4748-9A5F-2CA53C17086F}.Release|x64.ActiveCfg = Release|Any CPU
		{6608E1F4-52FB-4748-9A5F-2CA53C17086F}.Release|x64.Build.0 = Release|Any CPU
		{6608E1F4-52FB-4748-9A5F-2CA53C17086F}.Release|x86.ActiveCfg = Release|Any CPU
		{6608E1F4-52FB-4748-9A5F-2CA53C17086F}.Release|x86.Build.0 = Release|Any CPU
		{F821B22E-EB83-4EE6-A478-DEE33680A7F1}.Debug|Any CPU.ActiveCfg = Debug|Any CPU
		{F821B22E-EB83-4EE6-A478-DEE33680A7F1}.Debug|Any CPU.Build.0 = Debug|Any CPU
		{F821B22E-EB83-4EE6-A478-DEE33680A7F1}.Debug|x64.ActiveCfg = Debug|Any CPU
		{F821B22E-EB83-4EE6-A478-DEE33680A7F1}.Debug|x64.Build.0 = Debug|Any CPU
		{F821B22E-EB83-4EE6-A478-DEE33680A7F1}.Debug|x86.ActiveCfg = Debug|Any CPU
		{F821B22E-EB83-4EE6-A478-DEE33680A7F1}.Debug|x86.Build.0 = Debug|Any CPU
		{F821B22E-EB83-4EE6-A478-DEE33680A7F1}.Release|Any CPU.ActiveCfg = Release|Any CPU
		{F821B22E-EB83-4EE6-A478-DEE33680A7F1}.Release|Any CPU.Build.0 = Release|Any CPU
		{F821B22E-EB83-4EE6-A478-DEE33680A7F1}.Release|x64.ActiveCfg = Release|Any CPU
		{F821B22E-EB83-4EE6-A478-DEE33680A7F1}.Release|x64.Build.0 = Release|Any CPU
		{F821B22E-EB83-4EE6-A478-DEE33680A7F1}.Release|x86.ActiveCfg = Release|Any CPU
		{F821B22E-EB83-4EE6-A478-DEE33680A7F1}.Release|x86.Build.0 = Release|Any CPU
		{06285921-6E21-4736-8AD6-71C060EE1E65}.Debug|Any CPU.ActiveCfg = Debug|Any CPU
		{06285921-6E21-4736-8AD6-71C060EE1E65}.Debug|Any CPU.Build.0 = Debug|Any CPU
		{06285921-6E21-4736-8AD6-71C060EE1E65}.Debug|x64.ActiveCfg = Debug|Any CPU
		{06285921-6E21-4736-8AD6-71C060EE1E65}.Debug|x64.Build.0 = Debug|Any CPU
		{06285921-6E21-4736-8AD6-71C060EE1E65}.Debug|x86.ActiveCfg = Debug|Any CPU
		{06285921-6E21-4736-8AD6-71C060EE1E65}.Debug|x86.Build.0 = Debug|Any CPU
		{06285921-6E21-4736-8AD6-71C060EE1E65}.Release|Any CPU.ActiveCfg = Release|Any CPU
		{06285921-6E21-4736-8AD6-71C060EE1E65}.Release|Any CPU.Build.0 = Release|Any CPU
		{06285921-6E21-4736-8AD6-71C060EE1E65}.Release|x64.ActiveCfg = Release|Any CPU
		{06285921-6E21-4736-8AD6-71C060EE1E65}.Release|x64.Build.0 = Release|Any CPU
		{06285921-6E21-4736-8AD6-71C060EE1E65}.Release|x86.ActiveCfg = Release|Any CPU
		{06285921-6E21-4736-8AD6-71C060EE1E65}.Release|x86.Build.0 = Release|Any CPU
		{3B0A36CC-AAEB-4A50-BA61-887C1D807512}.Debug|Any CPU.ActiveCfg = Debug|Any CPU
		{3B0A36CC-AAEB-4A50-BA61-887C1D807512}.Debug|Any CPU.Build.0 = Debug|Any CPU
		{3B0A36CC-AAEB-4A50-BA61-887C1D807512}.Debug|x64.ActiveCfg = Debug|Any CPU
		{3B0A36CC-AAEB-4A50-BA61-887C1D807512}.Debug|x64.Build.0 = Debug|Any CPU
		{3B0A36CC-AAEB-4A50-BA61-887C1D807512}.Debug|x86.ActiveCfg = Debug|Any CPU
		{3B0A36CC-AAEB-4A50-BA61-887C1D807512}.Debug|x86.Build.0 = Debug|Any CPU
		{3B0A36CC-AAEB-4A50-BA61-887C1D807512}.Release|Any CPU.ActiveCfg = Release|Any CPU
		{3B0A36CC-AAEB-4A50-BA61-887C1D807512}.Release|Any CPU.Build.0 = Release|Any CPU
		{3B0A36CC-AAEB-4A50-BA61-887C1D807512}.Release|x64.ActiveCfg = Release|Any CPU
		{3B0A36CC-AAEB-4A50-BA61-887C1D807512}.Release|x64.Build.0 = Release|Any CPU
		{3B0A36CC-AAEB-4A50-BA61-887C1D807512}.Release|x86.ActiveCfg = Release|Any CPU
		{3B0A36CC-AAEB-4A50-BA61-887C1D807512}.Release|x86.Build.0 = Release|Any CPU
	EndGlobalSection
	GlobalSection(SolutionProperties) = preSolution
		HideSolutionNode = FALSE
	EndGlobalSection
	GlobalSection(NestedProjects) = preSolution
		{44CD6923-2999-41FA-8B37-A7990B3BC91D} = {5310A871-B8F0-0791-A052-C8A19D59FF82}
		{F3641347-575C-25D8-9B5A-9F596AE29D95} = {CA253913-39DE-BFD0-C9A3-4B7EC6FBDF17}
		{6608E1F4-52FB-4748-9A5F-2CA53C17086F} = {F3641347-575C-25D8-9B5A-9F596AE29D95}
		{729B03C7-1C3E-5EDD-EDB4-38F58E22BDF1} = {CA253913-39DE-BFD0-C9A3-4B7EC6FBDF17}
		{F821B22E-EB83-4EE6-A478-DEE33680A7F1} = {729B03C7-1C3E-5EDD-EDB4-38F58E22BDF1}
		{27F90384-215D-F033-2E44-812BACF6D1B0} = {CA253913-39DE-BFD0-C9A3-4B7EC6FBDF17}
		{06285921-6E21-4736-8AD6-71C060EE1E65} = {27F90384-215D-F033-2E44-812BACF6D1B0}
		{3B0A36CC-AAEB-4A50-BA61-887C1D807512} = {4F52FD11-658E-A102-6CD3-7D7C16FFA15B}
	EndGlobalSection
EndGlobal
